// !$*UTF8*$!
{
	archiveVersion = 1;
	classes = {
	};
	objectVersion = 56;
	objects = {

/* Begin PBXBuildFile section */
		81BA16CB2A7A8DAE00FE2C22 /* UnitTestApp01App.swift in Sources */ = {isa = PBXBuildFile; fileRef = 81BA16CA2A7A8DAE00FE2C22 /* UnitTestApp01App.swift */; };
		81BA16CD2A7A8DAE00FE2C22 /* ContentView.swift in Sources */ = {isa = PBXBuildFile; fileRef = 81BA16CC2A7A8DAE00FE2C22 /* ContentView.swift */; };
		81BA16CF2A7A8DB000FE2C22 /* Assets.xcassets in Resources */ = {isa = PBXBuildFile; fileRef = 81BA16CE2A7A8DB000FE2C22 /* Assets.xcassets */; };
		81BA16D22A7A8DB000FE2C22 /* Preview Assets.xcassets in Resources */ = {isa = PBXBuildFile; fileRef = 81BA16D12A7A8DB000FE2C22 /* Preview Assets.xcassets */; };
		81BA16DC2A7A8DB000FE2C22 /* UnitTestApp01Tests.swift in Sources */ = {isa = PBXBuildFile; fileRef = 81BA16DB2A7A8DB000FE2C22 /* UnitTestApp01Tests.swift */; };
		81BA16E62A7A8DB000FE2C22 /* UnitTestApp01UITests.swift in Sources */ = {isa = PBXBuildFile; fileRef = 81BA16E52A7A8DB000FE2C22 /* UnitTestApp01UITests.swift */; };
		81BA16E82A7A8DB000FE2C22 /* UnitTestApp01UITestsLaunchTests.swift in Sources */ = {isa = PBXBuildFile; fileRef = 81BA16E72A7A8DB000FE2C22 /* UnitTestApp01UITestsLaunchTests.swift */; };
		81BA16F52A7A8DDE00FE2C22 /* CalculationNumber.swift in Sources */ = {isa = PBXBuildFile; fileRef = 81BA16F42A7A8DDE00FE2C22 /* CalculationNumber.swift */; };
		81BA16F72A7A8E1C00FE2C22 /* CalculationNumberTests.swift in Sources */ = {isa = PBXBuildFile; fileRef = 81BA16F62A7A8E1C00FE2C22 /* CalculationNumberTests.swift */; };
/* End PBXBuildFile section */

/* Begin PBXContainerItemProxy section */
		81BA16D82A7A8DB000FE2C22 /* PBXContainerItemProxy */ = {
			isa = PBXContainerItemProxy;
			containerPortal = 81BA16BF2A7A8DAE00FE2C22 /* Project object */;
			proxyType = 1;
			remoteGlobalIDString = 81BA16C62A7A8DAE00FE2C22;
			remoteInfo = UnitTestApp01;
		};
		81BA16E22A7A8DB000FE2C22 /* PBXContainerItemProxy */ = {
			isa = PBXContainerItemProxy;
			containerPortal = 81BA16BF2A7A8DAE00FE2C22 /* Project object */;
			proxyType = 1;
			remoteGlobalIDString = 81BA16C62A7A8DAE00FE2C22;
			remoteInfo = UnitTestApp01;
		};
/* End PBXContainerItemProxy section */

/* Begin PBXFileReference section */
		81BA16C72A7A8DAE00FE2C22 /* UnitTestApp01.app */ = {isa = PBXFileReference; explicitFileType = wrapper.application; includeInIndex = 0; path = UnitTestApp01.app; sourceTree = BUILT_PRODUCTS_DIR; };
		81BA16CA2A7A8DAE00FE2C22 /* UnitTestApp01App.swift */ = {isa = PBXFileReference; lastKnownFileType = sourcecode.swift; path = UnitTestApp01App.swift; sourceTree = "<group>"; };
		81BA16CC2A7A8DAE00FE2C22 /* ContentView.swift */ = {isa = PBXFileReference; lastKnownFileType = sourcecode.swift; path = ContentView.swift; sourceTree = "<group>"; };
		81BA16CE2A7A8DB000FE2C22 /* Assets.xcassets */ = {isa = PBXFileReference; lastKnownFileType = folder.assetcatalog; path = Assets.xcassets; sourceTree = "<group>"; };
		81BA16D12A7A8DB000FE2C22 /* Preview Assets.xcassets */ = {isa = PBXFileReference; lastKnownFileType = folder.assetcatalog; path = "Preview Assets.xcassets"; sourceTree = "<group>"; };
		81BA16D72A7A8DB000FE2C22 /* UnitTestApp01Tests.xctest */ = {isa = PBXFileReference; explicitFileType = wrapper.cfbundle; includeInIndex = 0; path = UnitTestApp01Tests.xctest; sourceTree = BUILT_PRODUCTS_DIR; };
		81BA16DB2A7A8DB000FE2C22 /* UnitTestApp01Tests.swift */ = {isa = PBXFileReference; lastKnownFileType = sourcecode.swift; path = UnitTestApp01Tests.swift; sourceTree = "<group>"; };
		81BA16E12A7A8DB000FE2C22 /* UnitTestApp01UITests.xctest */ = {isa = PBXFileReference; explicitFileType = wrapper.cfbundle; includeInIndex = 0; path = UnitTestApp01UITests.xctest; sourceTree = BUILT_PRODUCTS_DIR; };
		81BA16E52A7A8DB000FE2C22 /* UnitTestApp01UITests.swift */ = {isa = PBXFileReference; lastKnownFileType = sourcecode.swift; path = UnitTestApp01UITests.swift; sourceTree = "<group>"; };
		81BA16E72A7A8DB000FE2C22 /* UnitTestApp01UITestsLaunchTests.swift */ = {isa = PBXFileReference; lastKnownFileType = sourcecode.swift; path = UnitTestApp01UITestsLaunchTests.swift; sourceTree = "<group>"; };
		81BA16F42A7A8DDE00FE2C22 /* CalculationNumber.swift */ = {isa = PBXFileReference; lastKnownFileType = sourcecode.swift; path = CalculationNumber.swift; sourceTree = "<group>"; };
		81BA16F62A7A8E1C00FE2C22 /* CalculationNumberTests.swift */ = {isa = PBXFileReference; lastKnownFileType = sourcecode.swift; path = CalculationNumberTests.swift; sourceTree = "<group>"; };
/* End PBXFileReference section */

/* Begin PBXFrameworksBuildPhase section */
		81BA16C42A7A8DAE00FE2C22 /* Frameworks */ = {
			isa = PBXFrameworksBuildPhase;
			buildActionMask = 2147483647;
			files = (
			);
			runOnlyForDeploymentPostprocessing = 0;
		};
		81BA16D42A7A8DB000FE2C22 /* Frameworks */ = {
			isa = PBXFrameworksBuildPhase;
			buildActionMask = 2147483647;
			files = (
			);
			runOnlyForDeploymentPostprocessing = 0;
		};
		81BA16DE2A7A8DB000FE2C22 /* Frameworks */ = {
			isa = PBXFrameworksBuildPhase;
			buildActionMask = 2147483647;
			files = (
			);
			runOnlyForDeploymentPostprocessing = 0;
		};
/* End PBXFrameworksBuildPhase section */

/* Begin PBXGroup section */
		81BA16BE2A7A8DAE00FE2C22 = {
			isa = PBXGroup;
			children = (
				81BA16C92A7A8DAE00FE2C22 /* UnitTestApp01 */,
				81BA16DA2A7A8DB000FE2C22 /* UnitTestApp01Tests */,
				81BA16E42A7A8DB000FE2C22 /* UnitTestApp01UITests */,
				81BA16C82A7A8DAE00FE2C22 /* Products */,
			);
			sourceTree = "<group>";
		};
		81BA16C82A7A8DAE00FE2C22 /* Products */ = {
			isa = PBXGroup;
			children = (
				81BA16C72A7A8DAE00FE2C22 /* UnitTestApp01.app */,
				81BA16D72A7A8DB000FE2C22 /* UnitTestApp01Tests.xctest */,
				81BA16E12A7A8DB000FE2C22 /* UnitTestApp01UITests.xctest */,
			);
			name = Products;
			sourceTree = "<group>";
		};
		81BA16C92A7A8DAE00FE2C22 /* UnitTestApp01 */ = {
			isa = PBXGroup;
			children = (
				81BA16CA2A7A8DAE00FE2C22 /* UnitTestApp01App.swift */,
				81BA16CC2A7A8DAE00FE2C22 /* ContentView.swift */,
				81BA16CE2A7A8DB000FE2C22 /* Assets.xcassets */,
				81BA16D02A7A8DB000FE2C22 /* Preview Content */,
				81BA16F42A7A8DDE00FE2C22 /* CalculationNumber.swift */,
				81BA16F62A7A8E1C00FE2C22 /* CalculationNumberTests.swift */,
			);
			path = UnitTestApp01;
			sourceTree = "<group>";
		};
		81BA16D02A7A8DB000FE2C22 /* Preview Content */ = {
			isa = PBXGroup;
			children = (
				81BA16D12A7A8DB000FE2C22 /* Preview Assets.xcassets */,
			);
			path = "Preview Content";
			sourceTree = "<group>";
		};
		81BA16DA2A7A8DB000FE2C22 /* UnitTestApp01Tests */ = {
			isa = PBXGroup;
			children = (
				81BA16DB2A7A8DB000FE2C22 /* UnitTestApp01Tests.swift */,
			);
			path = UnitTestApp01Tests;
			sourceTree = "<group>";
		};
		81BA16E42A7A8DB000FE2C22 /* UnitTestApp01UITests */ = {
			isa = PBXGroup;
			children = (
				81BA16E52A7A8DB000FE2C22 /* UnitTestApp01UITests.swift */,
				81BA16E72A7A8DB000FE2C22 /* UnitTestApp01UITestsLaunchTests.swift */,
			);
			path = UnitTestApp01UITests;
			sourceTree = "<group>";
		};
/* End PBXGroup section */

/* Begin PBXNativeTarget section */
		81BA16C62A7A8DAE00FE2C22 /* UnitTestApp01 */ = {
			isa = PBXNativeTarget;
			buildConfigurationList = 81BA16EB2A7A8DB000FE2C22 /* Build configuration list for PBXNativeTarget "UnitTestApp01" */;
			buildPhases = (
				81BA16C32A7A8DAE00FE2C22 /* Sources */,
				81BA16C42A7A8DAE00FE2C22 /* Frameworks */,
				81BA16C52A7A8DAE00FE2C22 /* Resources */,
			);
			buildRules = (
			);
			dependencies = (
			);
			name = UnitTestApp01;
			productName = UnitTestApp01;
			productReference = 81BA16C72A7A8DAE00FE2C22 /* UnitTestApp01.app */;
			productType = "com.apple.product-type.application";
		};
		81BA16D62A7A8DB000FE2C22 /* UnitTestApp01Tests */ = {
			isa = PBXNativeTarget;
			buildConfigurationList = 81BA16EE2A7A8DB000FE2C22 /* Build configuration list for PBXNativeTarget "UnitTestApp01Tests" */;
			buildPhases = (
				81BA16D32A7A8DB000FE2C22 /* Sources */,
				81BA16D42A7A8DB000FE2C22 /* Frameworks */,
				81BA16D52A7A8DB000FE2C22 /* Resources */,
			);
			buildRules = (
			);
			dependencies = (
				81BA16D92A7A8DB000FE2C22 /* PBXTargetDependency */,
			);
			name = UnitTestApp01Tests;
			productName = UnitTestApp01Tests;
			productReference = 81BA16D72A7A8DB000FE2C22 /* UnitTestApp01Tests.xctest */;
			productType = "com.apple.product-type.bundle.unit-test";
		};
		81BA16E02A7A8DB000FE2C22 /* UnitTestApp01UITests */ = {
			isa = PBXNativeTarget;
			buildConfigurationList = 81BA16F12A7A8DB000FE2C22 /* Build configuration list for PBXNativeTarget "UnitTestApp01UITests" */;
			buildPhases = (
				81BA16DD2A7A8DB000FE2C22 /* Sources */,
				81BA16DE2A7A8DB000FE2C22 /* Frameworks */,
				81BA16DF2A7A8DB000FE2C22 /* Resources */,
			);
			buildRules = (
			);
			dependencies = (
				81BA16E32A7A8DB000FE2C22 /* PBXTargetDependency */,
			);
			name = UnitTestApp01UITests;
			productName = UnitTestApp01UITests;
			productReference = 81BA16E12A7A8DB000FE2C22 /* UnitTestApp01UITests.xctest */;
			productType = "com.apple.product-type.bundle.ui-testing";
		};
/* End PBXNativeTarget section */

/* Begin PBXProject section */
		81BA16BF2A7A8DAE00FE2C22 /* Project object */ = {
			isa = PBXProject;
			attributes = {
				BuildIndependentTargetsInParallel = 1;
				LastSwiftUpdateCheck = 1420;
				LastUpgradeCheck = 1420;
				TargetAttributes = {
					81BA16C62A7A8DAE00FE2C22 = {
						CreatedOnToolsVersion = 14.2;
					};
					81BA16D62A7A8DB000FE2C22 = {
						CreatedOnToolsVersion = 14.2;
						TestTargetID = 81BA16C62A7A8DAE00FE2C22;
					};
					81BA16E02A7A8DB000FE2C22 = {
						CreatedOnToolsVersion = 14.2;
						TestTargetID = 81BA16C62A7A8DAE00FE2C22;
					};
				};
			};
			buildConfigurationList = 81BA16C22A7A8DAE00FE2C22 /* Build configuration list for PBXProject "UnitTestApp01" */;
			compatibilityVersion = "Xcode 14.0";
			developmentRegion = en;
			hasScannedForEncodings = 0;
			knownRegions = (
				en,
				Base,
			);
			mainGroup = 81BA16BE2A7A8DAE00FE2C22;
			productRefGroup = 81BA16C82A7A8DAE00FE2C22 /* Products */;
			projectDirPath = "";
			projectRoot = "";
			targets = (
				81BA16C62A7A8DAE00FE2C22 /* UnitTestApp01 */,
				81BA16D62A7A8DB000FE2C22 /* UnitTestApp01Tests */,
				81BA16E02A7A8DB000FE2C22 /* UnitTestApp01UITests */,
			);
		};
/* End PBXProject section */

/* Begin PBXResourcesBuildPhase section */
		81BA16C52A7A8DAE00FE2C22 /* Resources */ = {
			isa = PBXResourcesBuildPhase;
			buildActionMask = 2147483647;
			files = (
				81BA16D22A7A8DB000FE2C22 /* Preview Assets.xcassets in Resources */,
				81BA16CF2A7A8DB000FE2C22 /* Assets.xcassets in Resources */,
			);
			runOnlyForDeploymentPostprocessing = 0;
		};
		81BA16D52A7A8DB000FE2C22 /* Resources */ = {
			isa = PBXResourcesBuildPhase;
			buildActionMask = 2147483647;
			files = (
			);
			runOnlyForDeploymentPostprocessing = 0;
		};
		81BA16DF2A7A8DB000FE2C22 /* Resources */ = {
			isa = PBXResourcesBuildPhase;
			buildActionMask = 2147483647;
			files = (
			);
			runOnlyForDeploymentPostprocessing = 0;
		};
/* End PBXResourcesBuildPhase section */

/* Begin PBXSourcesBuildPhase section */
		81BA16C32A7A8DAE00FE2C22 /* Sources */ = {
			isa = PBXSourcesBuildPhase;
			buildActionMask = 2147483647;
			files = (
				81BA16CD2A7A8DAE00FE2C22 /* ContentView.swift in Sources */,
				81BA16F52A7A8DDE00FE2C22 /* CalculationNumber.swift in Sources */,
				81BA16CB2A7A8DAE00FE2C22 /* UnitTestApp01App.swift in Sources */,
			);
			runOnlyForDeploymentPostprocessing = 0;
		};
		81BA16D32A7A8DB000FE2C22 /* Sources */ = {
			isa = PBXSourcesBuildPhase;
			buildActionMask = 2147483647;
			files = (
				81BA16F72A7A8E1C00FE2C22 /* CalculationNumberTests.swift in Sources */,
				81BA16DC2A7A8DB000FE2C22 /* UnitTestApp01Tests.swift in Sources */,
			);
			runOnlyForDeploymentPostprocessing = 0;
		};
		81BA16DD2A7A8DB000FE2C22 /* Sources */ = {
			isa = PBXSourcesBuildPhase;
			buildActionMask = 2147483647;
			files = (
				81BA16E62A7A8DB000FE2C22 /* UnitTestApp01UITests.swift in Sources */,
				81BA16E82A7A8DB000FE2C22 /* UnitTestApp01UITestsLaunchTests.swift in Sources */,
			);
			runOnlyForDeploymentPostprocessing = 0;
		};
/* End PBXSourcesBuildPhase section */

/* Begin PBXTargetDependency section */
		81BA16D92A7A8DB000FE2C22 /* PBXTargetDependency */ = {
			isa = PBXTargetDependency;
			target = 81BA16C62A7A8DAE00FE2C22 /* UnitTestApp01 */;
			targetProxy = 81BA16D82A7A8DB000FE2C22 /* PBXContainerItemProxy */;
		};
		81BA16E32A7A8DB000FE2C22 /* PBXTargetDependency */ = {
			isa = PBXTargetDependency;
			target = 81BA16C62A7A8DAE00FE2C22 /* UnitTestApp01 */;
			targetProxy = 81BA16E22A7A8DB000FE2C22 /* PBXContainerItemProxy */;
		};
/* End PBXTargetDependency section */

/* Begin XCBuildConfiguration section */
		81BA16E92A7A8DB000FE2C22 /* Debug */ = {
			isa = XCBuildConfiguration;
			buildSettings = {
				ALWAYS_SEARCH_USER_PATHS = NO;
				CLANG_ANALYZER_NONNULL = YES;
				CLANG_ANALYZER_NUMBER_OBJECT_CONVERSION = YES_AGGRESSIVE;
				CLANG_CXX_LANGUAGE_STANDARD = "gnu++20";
				CLANG_ENABLE_MODULES = YES;
				CLANG_ENABLE_OBJC_ARC = YES;
				CLANG_ENABLE_OBJC_WEAK = YES;
				CLANG_WARN_BLOCK_CAPTURE_AUTORELEASING = YES;
				CLANG_WARN_BOOL_CONVERSION = YES;
				CLANG_WARN_COMMA = YES;
				CLANG_WARN_CONSTANT_CONVERSION = YES;
				CLANG_WARN_DEPRECATED_OBJC_IMPLEMENTATIONS = YES;
				CLANG_WARN_DIRECT_OBJC_ISA_USAGE = YES_ERROR;
				CLANG_WARN_DOCUMENTATION_COMMENTS = YES;
				CLANG_WARN_EMPTY_BODY = YES;
				CLANG_WARN_ENUM_CONVERSION = YES;
				CLANG_WARN_INFINITE_RECURSION = YES;
				CLANG_WARN_INT_CONVERSION = YES;
				CLANG_WARN_NON_LITERAL_NULL_CONVERSION = YES;
				CLANG_WARN_OBJC_IMPLICIT_RETAIN_SELF = YES;
				CLANG_WARN_OBJC_LITERAL_CONVERSION = YES;
				CLANG_WARN_OBJC_ROOT_CLASS = YES_ERROR;
				CLANG_WARN_QUOTED_INCLUDE_IN_FRAMEWORK_HEADER = YES;
				CLANG_WARN_RANGE_LOOP_ANALYSIS = YES;
				CLANG_WARN_STRICT_PROTOTYPES = YES;
				CLANG_WARN_SUSPICIOUS_MOVE = YES;
				CLANG_WARN_UNGUARDED_AVAILABILITY = YES_AGGRESSIVE;
				CLANG_WARN_UNREACHABLE_CODE = YES;
				CLANG_WARN__DUPLICATE_METHOD_MATCH = YES;
				COPY_PHASE_STRIP = NO;
				DEBUG_INFORMATION_FORMAT = dwarf;
				ENABLE_STRICT_OBJC_MSGSEND = YES;
				ENABLE_TESTABILITY = YES;
				GCC_C_LANGUAGE_STANDARD = gnu11;
				GCC_DYNAMIC_NO_PIC = NO;
				GCC_NO_COMMON_BLOCKS = YES;
				GCC_OPTIMIZATION_LEVEL = 0;
				GCC_PREPROCESSOR_DEFINITIONS = (
					"DEBUG=1",
					"$(inherited)",
				);
				GCC_WARN_64_TO_32_BIT_CONVERSION = YES;
				GCC_WARN_ABOUT_RETURN_TYPE = YES_ERROR;
				GCC_WARN_UNDECLARED_SELECTOR = YES;
				GCC_WARN_UNINITIALIZED_AUTOS = YES_AGGRESSIVE;
				GCC_WARN_UNUSED_FUNCTION = YES;
				GCC_WARN_UNUSED_VARIABLE = YES;
				IPHONEOS_DEPLOYMENT_TARGET = 16.2;
				MTL_ENABLE_DEBUG_INFO = INCLUDE_SOURCE;
				MTL_FAST_MATH = YES;
				ONLY_ACTIVE_ARCH = YES;
				SDKROOT = iphoneos;
				SWIFT_ACTIVE_COMPILATION_CONDITIONS = DEBUG;
				SWIFT_OPTIMIZATION_LEVEL = "-Onone";
			};
			name = Debug;
		};
		81BA16EA2A7A8DB000FE2C22 /* Release */ = {
			isa = XCBuildConfiguration;
			buildSettings = {
				ALWAYS_SEARCH_USER_PATHS = NO;
				CLANG_ANALYZER_NONNULL = YES;
				CLANG_ANALYZER_NUMBER_OBJECT_CONVERSION = YES_AGGRESSIVE;
				CLANG_CXX_LANGUAGE_STANDARD = "gnu++20";
				CLANG_ENABLE_MODULES = YES;
				CLANG_ENABLE_OBJC_ARC = YES;
				CLANG_ENABLE_OBJC_WEAK = YES;
				CLANG_WARN_BLOCK_CAPTURE_AUTORELEASING = YES;
				CLANG_WARN_BOOL_CONVERSION = YES;
				CLANG_WARN_COMMA = YES;
				CLANG_WARN_CONSTANT_CONVERSION = YES;
				CLANG_WARN_DEPRECATED_OBJC_IMPLEMENTATIONS = YES;
				CLANG_WARN_DIRECT_OBJC_ISA_USAGE = YES_ERROR;
				CLANG_WARN_DOCUMENTATION_COMMENTS = YES;
				CLANG_WARN_EMPTY_BODY = YES;
				CLANG_WARN_ENUM_CONVERSION = YES;
				CLANG_WARN_INFINITE_RECURSION = YES;
				CLANG_WARN_INT_CONVERSION = YES;
				CLANG_WARN_NON_LITERAL_NULL_CONVERSION = YES;
				CLANG_WARN_OBJC_IMPLICIT_RETAIN_SELF = YES;
				CLANG_WARN_OBJC_LITERAL_CONVERSION = YES;
				CLANG_WARN_OBJC_ROOT_CLASS = YES_ERROR;
				CLANG_WARN_QUOTED_INCLUDE_IN_FRAMEWORK_HEADER = YES;
				CLANG_WARN_RANGE_LOOP_ANALYSIS = YES;
				CLANG_WARN_STRICT_PROTOTYPES = YES;
				CLANG_WARN_SUSPICIOUS_MOVE = YES;
				CLANG_WARN_UNGUARDED_AVAILABILITY = YES_AGGRESSIVE;
				CLANG_WARN_UNREACHABLE_CODE = YES;
				CLANG_WARN__DUPLICATE_METHOD_MATCH = YES;
				COPY_PHASE_STRIP = NO;
				DEBUG_INFORMATION_FORMAT = "dwarf-with-dsym";
				ENABLE_NS_ASSERTIONS = NO;
				ENABLE_STRICT_OBJC_MSGSEND = YES;
				GCC_C_LANGUAGE_STANDARD = gnu11;
				GCC_NO_COMMON_BLOCKS = YES;
				GCC_WARN_64_TO_32_BIT_CONVERSION = YES;
				GCC_WARN_ABOUT_RETURN_TYPE = YES_ERROR;
				GCC_WARN_UNDECLARED_SELECTOR = YES;
				GCC_WARN_UNINITIALIZED_AUTOS = YES_AGGRESSIVE;
				GCC_WARN_UNUSED_FUNCTION = YES;
				GCC_WARN_UNUSED_VARIABLE = YES;
				IPHONEOS_DEPLOYMENT_TARGET = 16.2;
				MTL_ENABLE_DEBUG_INFO = NO;
				MTL_FAST_MATH = YES;
				SDKROOT = iphoneos;
				SWIFT_COMPILATION_MODE = wholemodule;
				SWIFT_OPTIMIZATION_LEVEL = "-O";
				VALIDATE_PRODUCT = YES;
			};
			name = Release;
		};
		81BA16EC2A7A8DB000FE2C22 /* Debug */ = {
			isa = XCBuildConfiguration;
			buildSettings = {
				ASSETCATALOG_COMPILER_APPICON_NAME = AppIcon;
				ASSETCATALOG_COMPILER_GLOBAL_ACCENT_COLOR_NAME = AccentColor;
				CODE_SIGN_STYLE = Automatic;
				CURRENT_PROJECT_VERSION = 1;
				DEVELOPMENT_ASSET_PATHS = "\"UnitTestApp01/Preview Content\"";
				ENABLE_PREVIEWS = YES;
				GENERATE_INFOPLIST_FILE = YES;
				INFOPLIST_KEY_UIApplicationSceneManifest_Generation = YES;
				INFOPLIST_KEY_UIApplicationSupportsIndirectInputEvents = YES;
				INFOPLIST_KEY_UILaunchScreen_Generation = YES;
				INFOPLIST_KEY_UISupportedInterfaceOrientations_iPad = "UIInterfaceOrientationPortrait UIInterfaceOrientationPortraitUpsideDown UIInterfaceOrientationLandscapeLeft UIInterfaceOrientationLandscapeRight";
				INFOPLIST_KEY_UISupportedInterfaceOrientations_iPhone = "UIInterfaceOrientationPortrait UIInterfaceOrientationLandscapeLeft UIInterfaceOrientationLandscapeRight";
				LD_RUNPATH_SEARCH_PATHS = (
					"$(inherited)",
					"@executable_path/Frameworks",
				);
				MARKETING_VERSION = 1.0;
				PRODUCT_BUNDLE_IDENTIFIER = yasuyama.UnitTestApp01;
				PRODUCT_NAME = "$(TARGET_NAME)";
				SWIFT_EMIT_LOC_STRINGS = YES;
				SWIFT_VERSION = 5.0;
				TARGETED_DEVICE_FAMILY = "1,2";
			};
			name = Debug;
		};
		81BA16ED2A7A8DB000FE2C22 /* Release */ = {
			isa = XCBuildConfiguration;
			buildSettings = {
				ASSETCATALOG_COMPILER_APPICON_NAME = AppIcon;
				ASSETCATALOG_COMPILER_GLOBAL_ACCENT_COLOR_NAME = AccentColor;
				CODE_SIGN_STYLE = Automatic;
				CURRENT_PROJECT_VERSION = 1;
				DEVELOPMENT_ASSET_PATHS = "\"UnitTestApp01/Preview Content\"";
				ENABLE_PREVIEWS = YES;
				GENERATE_INFOPLIST_FILE = YES;
				INFOPLIST_KEY_UIApplicationSceneManifest_Generation = YES;
				INFOPLIST_KEY_UIApplicationSupportsIndirectInputEvents = YES;
				INFOPLIST_KEY_UILaunchScreen_Generation = YES;
				INFOPLIST_KEY_UISupportedInterfaceOrientations_iPad = "UIInterfaceOrientationPortrait UIInterfaceOrientationPortraitUpsideDown UIInterfaceOrientationLandscapeLeft UIInterfaceOrientationLandscapeRight";
				INFOPLIST_KEY_UISupportedInterfaceOrientations_iPhone = "UIInterfaceOrientationPortrait UIInterfaceOrientationLandscapeLeft UIInterfaceOrientationLandscapeRight";
				LD_RUNPATH_SEARCH_PATHS = (
					"$(inherited)",
					"@executable_path/Frameworks",
				);
				MARKETING_VERSION = 1.0;
				PRODUCT_BUNDLE_IDENTIFIER = yasuyama.UnitTestApp01;
				PRODUCT_NAME = "$(TARGET_NAME)";
				SWIFT_EMIT_LOC_STRINGS = YES;
				SWIFT_VERSION = 5.0;
				TARGETED_DEVICE_FAMILY = "1,2";
			};
			name = Release;
		};
		81BA16EF2A7A8DB000FE2C22 /* Debug */ = {
			isa = XCBuildConfiguration;
			buildSettings = {
				ALWAYS_EMBED_SWIFT_STANDARD_LIBRARIES = YES;
				BUNDLE_LOADER = "$(TEST_HOST)";
				CODE_SIGN_STYLE = Automatic;
				CURRENT_PROJECT_VERSION = 1;
				GENERATE_INFOPLIST_FILE = YES;
				IPHONEOS_DEPLOYMENT_TARGET = 16.2;
				MARKETING_VERSION = 1.0;
				PRODUCT_BUNDLE_IDENTIFIER = yasuyama.UnitTestApp01Tests;
				PRODUCT_NAME = "$(TARGET_NAME)";
				SWIFT_EMIT_LOC_STRINGS = NO;
				SWIFT_VERSION = 5.0;
				TARGETED_DEVICE_FAMILY = "1,2";
				TEST_HOST = "$(BUILT_PRODUCTS_DIR)/UnitTestApp01.app/$(BUNDLE_EXECUTABLE_FOLDER_PATH)/UnitTestApp01";
			};
			name = Debug;
		};
		81BA16F02A7A8DB000FE2C22 /* Release */ = {
			isa = XCBuildConfiguration;
			buildSettings = {
				ALWAYS_EMBED_SWIFT_STANDARD_LIBRARIES = YES;
				BUNDLE_LOADER = "$(TEST_HOST)";
				CODE_SIGN_STYLE = Automatic;
				CURRENT_PROJECT_VERSION = 1;
				GENERATE_INFOPLIST_FILE = YES;
				IPHONEOS_DEPLOYMENT_TARGET = 16.2;
				MARKETING_VERSION = 1.0;
				PRODUCT_BUNDLE_IDENTIFIER = yasuyama.UnitTestApp01Tests;
				PRODUCT_NAME = "$(TARGET_NAME)";
				SWIFT_EMIT_LOC_STRINGS = NO;
				SWIFT_VERSION = 5.0;
				TARGETED_DEVICE_FAMILY = "1,2";
				TEST_HOST = "$(BUILT_PRODUCTS_DIR)/UnitTestApp01.app/$(BUNDLE_EXECUTABLE_FOLDER_PATH)/UnitTestApp01";
			};
			name = Release;
		};
		81BA16F22A7A8DB000FE2C22 /* Debug */ = {
			isa = XCBuildConfiguration;
			buildSettings = {
				ALWAYS_EMBED_SWIFT_STANDARD_LIBRARIES = YES;
				CODE_SIGN_STYLE = Automatic;
				CURRENT_PROJECT_VERSION = 1;
				GENERATE_INFOPLIST_FILE = YES;
				MARKETING_VERSION = 1.0;
				PRODUCT_BUNDLE_IDENTIFIER = yasuyama.UnitTestApp01UITests;
				PRODUCT_NAME = "$(TARGET_NAME)";
				SWIFT_EMIT_LOC_STRINGS = NO;
				SWIFT_VERSION = 5.0;
				TARGETED_DEVICE_FAMILY = "1,2";
				TEST_TARGET_NAME = UnitTestApp01;
			};
			name = Debug;
		};
		81BA16F32A7A8DB000FE2C22 /* Release */ = {
			isa = XCBuildConfiguration;
			buildSettings = {
				ALWAYS_EMBED_SWIFT_STANDARD_LIBRARIES = YES;
				CODE_SIGN_STYLE = Automatic;
				CURRENT_PROJECT_VERSION = 1;
				GENERATE_INFOPLIST_FILE = YES;
				MARKETING_VERSION = 1.0;
				PRODUCT_BUNDLE_IDENTIFIER = yasuyama.UnitTestApp01UITests;
				PRODUCT_NAME = "$(TARGET_NAME)";
				SWIFT_EMIT_LOC_STRINGS = NO;
				SWIFT_VERSION = 5.0;
				TARGETED_DEVICE_FAMILY = "1,2";
				TEST_TARGET_NAME = UnitTestApp01;
			};
			name = Release;
		};
/* End XCBuildConfiguration section */

/* Begin XCConfigurationList section */
		81BA16C22A7A8DAE00FE2C22 /* Build configuration list for PBXProject "UnitTestApp01" */ = {
			isa = XCConfigurationList;
			buildConfigurations = (
				81BA16E92A7A8DB000FE2C22 /* Debug */,
				81BA16EA2A7A8DB000FE2C22 /* Release */,
			);
			defaultConfigurationIsVisible = 0;
			defaultConfigurationName = Release;
		};
		81BA16EB2A7A8DB000FE2C22 /* Build configuration list for PBXNativeTarget "UnitTestApp01" */ = {
			isa = XCConfigurationList;
			buildConfigurations = (
				81BA16EC2A7A8DB000FE2C22 /* Debug */,
				81BA16ED2A7A8DB000FE2C22 /* Release */,
			);
			defaultConfigurationIsVisible = 0;
			defaultConfigurationName = Release;
		};
		81BA16EE2A7A8DB000FE2C22 /* Build configuration list for PBXNativeTarget "UnitTestApp01Tests" */ = {
			isa = XCConfigurationList;
			buildConfigurations = (
				81BA16EF2A7A8DB000FE2C22 /* Debug */,
				81BA16F02A7A8DB000FE2C22 /* Release */,
			);
			defaultConfigurationIsVisible = 0;
			defaultConfigurationName = Release;
		};
		81BA16F12A7A8DB000FE2C22 /* Build configuration list for PBXNativeTarget "UnitTestApp01UITests" */ = {
			isa = XCConfigurationList;
			buildConfigurations = (
				81BA16F22A7A8DB000FE2C22 /* Debug */,
				81BA16F32A7A8DB000FE2C22 /* Release */,
			);
			defaultConfigurationIsVisible = 0;
			defaultConfigurationName = Release;
		};
/* End XCConfigurationList section */
	};
	rootObject = 81BA16BF2A7A8DAE00FE2C22 /* Project object */;
}
